
Microsoft Visual Studio Solution File, Format Version 12.00
# Visual Studio 15
VisualStudioVersion = 15.0.27130.2036
MinimumVisualStudioVersion = 10.0.40219.1
Project("{9A19103F-16F7-4668-BE54-9A1E7A4F7556}") = "Kardf", "Kardf\Kardf.csproj", "{F05DE9CE-C366-4BAB-8715-224D6419DD31}"
EndProject
Project("{9A19103F-16F7-4668-BE54-9A1E7A4F7556}") = "Kardf.Platform", "Kardf.Platform\Kardf.Platform.csproj", "{DA15BD55-6848-438E-8297-7C65871E5A41}"
EndProject
Global
	GlobalSection(SolutionConfigurationPlatforms) = preSolution
		Debug|Any CPU = Debug|Any CPU
		Release|Any CPU = Release|Any CPU
	EndGlobalSection
	GlobalSection(ProjectConfigurationPlatforms) = postSolution
		{F05DE9CE-C366-4BAB-8715-224D6419DD31}.Debug|Any CPU.ActiveCfg = Debug|Any CPU
		{F05DE9CE-C366-4BAB-8715-224D6419DD31}.Debug|Any CPU.Build.0 = Debug|Any CPU
		{F05DE9CE-C366-4BAB-8715-224D6419DD31}.Release|Any CPU.ActiveCfg = Release|Any CPU
		{F05DE9CE-C366-4BAB-8715-224D6419DD31}.Release|Any CPU.Build.0 = Release|Any CPU
		{DA15BD55-6848-438E-8297-7C65871E5A41}.Debug|Any CPU.ActiveCfg = Debug|Any CPU
		{DA15BD55-6848-438E-8297-7C65871E5A41}.Debug|Any CPU.Build.0 = Debug|Any CPU
		{DA15BD55-6848-438E-8297-7C65871E5A41}.Release|Any CPU.ActiveCfg = Release|Any CPU
		{DA15BD55-6848-438E-8297-7C65871E5A41}.Release|Any CPU.Build.0 = Release|Any CPU
	EndGlobalSection
	GlobalSection(SolutionProperties) = preSolution
		HideSolutionNode = FALSE
	EndGlobalSection
	GlobalSection(ExtensibilityGlobals) = postSolution
		SolutionGuid = {A470D4B9-F854-4DA4-A287-70E1DA62B4CA}
	EndGlobalSection
EndGlobal
